{
  "name": "@sukurapa/writer-csv",
  "version": "0.4.1",
  "lockfileVersion": 1,
  "requires": true,
  "dependencies": {
    "sukurapa": {
      "version": "0.4.1",
      "resolved": "https://registry.npmjs.org/sukurapa/-/sukurapa-0.4.1.tgz",
      "integrity": "sha512-4PFD9LneOF5ws6d6gChRnVyNhI0z6CMV8HCvF/O/sIVWIh1wQyLDtoid0KswGgHytoAY0wGeiu4qCzGbdD1R5Q=="
    }
  }
}
